
Microsoft Visual Studio Solution File, Format Version 12.00
# Visual Studio Version 17
VisualStudioVersion = 17.5.33424.131
MinimumVisualStudioVersion = 10.0.40219.1
Project("{FAE04EC0-301F-11D3-BF4B-00C04F79EFBC}") = "JokesWebApp", "JokesWebApp.csproj", "{0913E965-74BF-44FF-824A-31C2D3F97EA5}"
EndProject
Global
	GlobalSection(SolutionConfigurationPlatforms) = preSolution
		Debug|Any CPU = Debug|Any CPU
		Release|Any CPU = Release|Any CPU
	EndGlobalSection
	GlobalSection(ProjectConfigurationPlatforms) = postSolution
		{0913E965-74BF-44FF-824A-31C2D3F97EA5}.Debug|Any CPU.ActiveCfg = Debug|Any CPU
		{0913E965-74BF-44FF-824A-31C2D3F97EA5}.Debug|Any CPU.Build.0 = Debug|Any CPU
		{0913E965-74BF-44FF-824A-31C2D3F97EA5}.Release|Any CPU.ActiveCfg = Release|Any CPU
		{0913E965-74BF-44FF-824A-31C2D3F97EA5}.Release|Any CPU.Build.0 = Release|Any CPU
	EndGlobalSection
	GlobalSection(SolutionProperties) = preSolution
		HideSolutionNode = FALSE
	EndGlobalSection
	GlobalSection(ExtensibilityGlobals) = postSolution
		SolutionGuid = {4CF1F27C-B3AB-4B14-B106-DADA1EDC9DD4}
	EndGlobalSection
EndGlobal
